
Microsoft Visual Studio Solution File, Format Version 10.00
# Visual Studio 2008
Project("{FAE04EC0-301F-11D3-BF4B-00C04F79EFBC}") = "GuiWindowsForms", "GuiWindowsForms\GuiWindowsForms.csproj", "{D79963B9-116E-4E56-ABA5-26F9392FD1C3}"
EndProject
Project("{FAE04EC0-301F-11D3-BF4B-00C04F79EFBC}") = "Negocios", "Negocios\Negocios.csproj", "{E035BBFD-00D4-461F-9AF9-D57B45582B93}"
EndProject
Project("{E24C65DC-7377-472B-9ABA-BC803B73C61A}") = "GuiWebSite", "GuiWebSite\", "{819F42C6-F980-415A-A28A-E57FD99C6D0D}"
	ProjectSection(WebsiteProperties) = preProject
		TargetFramework = "3.5"
		ProjectReferences = "{E035BBFD-00D4-461F-9AF9-D57B45582B93}|Negocios.dll;"
		Debug.AspNetCompiler.VirtualPath = "/GuiWebSite"
		Debug.AspNetCompiler.PhysicalPath = "GuiWebSite\"
		Debug.AspNetCompiler.TargetPath = "PrecompiledWeb\GuiWebSite\"
		Debug.AspNetCompiler.Updateable = "true"
		Debug.AspNetCompiler.ForceOverwrite = "true"
		Debug.AspNetCompiler.FixedNames = "false"
		Debug.AspNetCompiler.Debug = "True"
		Release.AspNetCompiler.VirtualPath = "/GuiWebSite"
		Release.AspNetCompiler.PhysicalPath = "GuiWebSite\"
		Release.AspNetCompiler.TargetPath = "PrecompiledWeb\GuiWebSite\"
		Release.AspNetCompiler.Updateable = "true"
		Release.AspNetCompiler.ForceOverwrite = "true"
		Release.AspNetCompiler.FixedNames = "false"
		Release.AspNetCompiler.Debug = "False"
		VWDPort = "49216"
	EndProjectSection
EndProject
Global
	GlobalSection(SolutionConfigurationPlatforms) = preSolution
		Debug|Any CPU = Debug|Any CPU
		Release|Any CPU = Release|Any CPU
	EndGlobalSection
	GlobalSection(ProjectConfigurationPlatforms) = postSolution
		{D79963B9-116E-4E56-ABA5-26F9392FD1C3}.Debug|Any CPU.ActiveCfg = Debug|Any CPU
		{D79963B9-116E-4E56-ABA5-26F9392FD1C3}.Debug|Any CPU.Build.0 = Debug|Any CPU
		{D79963B9-116E-4E56-ABA5-26F9392FD1C3}.Release|Any CPU.ActiveCfg = Release|Any CPU
		{D79963B9-116E-4E56-ABA5-26F9392FD1C3}.Release|Any CPU.Build.0 = Release|Any CPU
		{E035BBFD-00D4-461F-9AF9-D57B45582B93}.Debug|Any CPU.ActiveCfg = Debug|Any CPU
		{E035BBFD-00D4-461F-9AF9-D57B45582B93}.Debug|Any CPU.Build.0 = Debug|Any CPU
		{E035BBFD-00D4-461F-9AF9-D57B45582B93}.Release|Any CPU.ActiveCfg = Release|Any CPU
		{E035BBFD-00D4-461F-9AF9-D57B45582B93}.Release|Any CPU.Build.0 = Release|Any CPU
		{819F42C6-F980-415A-A28A-E57FD99C6D0D}.Debug|Any CPU.ActiveCfg = Debug|Any CPU
		{819F42C6-F980-415A-A28A-E57FD99C6D0D}.Debug|Any CPU.Build.0 = Debug|Any CPU
		{819F42C6-F980-415A-A28A-E57FD99C6D0D}.Release|Any CPU.ActiveCfg = Debug|Any CPU
		{819F42C6-F980-415A-A28A-E57FD99C6D0D}.Release|Any CPU.Build.0 = Debug|Any CPU
	EndGlobalSection
	GlobalSection(SolutionProperties) = preSolution
		HideSolutionNode = FALSE
	EndGlobalSection
EndGlobal
